// !$*UTF8*$!
{
	archiveVersion = 1;
	classes = {
	};
	objectVersion = 56;
	objects = {

/* Begin PBXBuildFile section */
		49076CDA2B27039E00EAD0C2 /* AppDelegate.swift in Sources */ = {isa = PBXBuildFile; fileRef = 49076CD92B27039E00EAD0C2 /* AppDelegate.swift */; };
		49076CDC2B27039E00EAD0C2 /* SceneDelegate.swift in Sources */ = {isa = PBXBuildFile; fileRef = 49076CDB2B27039E00EAD0C2 /* SceneDelegate.swift */; };
		49076CDE2B27039E00EAD0C2 /* LoginScreenViewController.swift in Sources */ = {isa = PBXBuildFile; fileRef = 49076CDD2B27039E00EAD0C2 /* LoginScreenViewController.swift */; };
		49076CE12B27039E00EAD0C2 /* Main.storyboard in Resources */ = {isa = PBXBuildFile; fileRef = 49076CDF2B27039E00EAD0C2 /* Main.storyboard */; };
		49076CE62B27039F00EAD0C2 /* LaunchScreen.storyboard in Resources */ = {isa = PBXBuildFile; fileRef = 49076CE42B27039F00EAD0C2 /* LaunchScreen.storyboard */; };
		49076CF02B2703CE00EAD0C2 /* LoginModel.swift in Sources */ = {isa = PBXBuildFile; fileRef = 49076CEF2B2703CE00EAD0C2 /* LoginModel.swift */; };
		49076CF32B2703EC00EAD0C2 /* LoginViewModel.swift in Sources */ = {isa = PBXBuildFile; fileRef = 49076CF22B2703EC00EAD0C2 /* LoginViewModel.swift */; };
		490BFAE52B2AD56C00C76341 /* LoginNetworkManager.swift in Sources */ = {isa = PBXBuildFile; fileRef = 490BFAE42B2AD56200C76341 /* LoginNetworkManager.swift */; };
		4917104F2BBF07BB006D6065 /* ChildDashboardStatsView.swift in Sources */ = {isa = PBXBuildFile; fileRef = 4917104E2BBF07BB006D6065 /* ChildDashboardStatsView.swift */; };
		491710512BBF07E7006D6065 /* ChildDashboardStatsView.xib in Resources */ = {isa = PBXBuildFile; fileRef = 491710502BBF07E7006D6065 /* ChildDashboardStatsView.xib */; };
		4917105B2BBF92BF006D6065 /* STime.swift in Sources */ = {isa = PBXBuildFile; fileRef = 4917105A2BBF92BF006D6065 /* STime.swift */; };
		4917105D2BBF92BF006D6065 /* TotalActivityReport.swift in Sources */ = {isa = PBXBuildFile; fileRef = 4917105C2BBF92BF006D6065 /* TotalActivityReport.swift */; };
		4917105F2BBF92BF006D6065 /* TotalActivityView.swift in Sources */ = {isa = PBXBuildFile; fileRef = 4917105E2BBF92BF006D6065 /* TotalActivityView.swift */; };
		491710642BBF92BF006D6065 /* STime.appex in Embed ExtensionKit Extensions */ = {isa = PBXBuildFile; fileRef = 491710582BBF92BF006D6065 /* STime.appex */; settings = {ATTRIBUTES = (RemoveHeadersOnCopy, ); }; };
		491710702BBF92DE006D6065 /* DeviceActivity.framework in Frameworks */ = {isa = PBXBuildFile; fileRef = 4917106F2BBF92DE006D6065 /* DeviceActivity.framework */; };
		491710732BBF92DE006D6065 /* DeviceActivityMonitorExtension.swift in Sources */ = {isa = PBXBuildFile; fileRef = 491710722BBF92DE006D6065 /* DeviceActivityMonitorExtension.swift */; };
		491710782BBF92DE006D6065 /* DeviceAtvty.appex in Embed Foundation Extensions */ = {isa = PBXBuildFile; fileRef = 4917106D2BBF92DE006D6065 /* DeviceAtvty.appex */; settings = {ATTRIBUTES = (RemoveHeadersOnCopy, ); }; };
		497237922B3402E90005D9BC /* LoginVerificationNetworkManager.swift in Sources */ = {isa = PBXBuildFile; fileRef = 497237912B3402E90005D9BC /* LoginVerificationNetworkManager.swift */; };
		497237942B3403750005D9BC /* LoginVerificationModel.swift in Sources */ = {isa = PBXBuildFile; fileRef = 497237932B3403750005D9BC /* LoginVerificationModel.swift */; };
		497237962B34058C0005D9BC /* OTPVerificationNetworkManager.swift in Sources */ = {isa = PBXBuildFile; fileRef = 497237952B34058C0005D9BC /* OTPVerificationNetworkManager.swift */; };
		497237982B3407340005D9BC /* OTPVerificationModel.swift in Sources */ = {isa = PBXBuildFile; fileRef = 497237972B3407340005D9BC /* OTPVerificationModel.swift */; };
		4972379D2B3412050005D9BC /* LoginVerificationViewModel.swift in Sources */ = {isa = PBXBuildFile; fileRef = 4972379C2B3412050005D9BC /* LoginVerificationViewModel.swift */; };
		4972379F2B3412260005D9BC /* OTPVerificationViewModel.swift in Sources */ = {isa = PBXBuildFile; fileRef = 4972379E2B3412260005D9BC /* OTPVerificationViewModel.swift */; };
		49B466772B3065BF004253BD /* LoggedInViewController.swift in Sources */ = {isa = PBXBuildFile; fileRef = 49B466762B3065B8004253BD /* LoggedInViewController.swift */; };
		49D575E52B2C1E9A00FDD9AE /* CustomEmailTextField.swift in Sources */ = {isa = PBXBuildFile; fileRef = 49D575E42B2C1E9600FDD9AE /* CustomEmailTextField.swift */; };
		49D575E72B2C1ED000FDD9AE /* CustomEmailTextField.xib in Resources */ = {isa = PBXBuildFile; fileRef = 49D575E62B2C1ED000FDD9AE /* CustomEmailTextField.xib */; };
		49DBFB202BB95A48001DEC7B /* Assets.xcassets in Resources */ = {isa = PBXBuildFile; fileRef = 49076CE22B27039F00EAD0C2 /* Assets.xcassets */; };
		49DBFB3C2BB95AE7001DEC7B /* UserSelectionViewController.swift in Sources */ = {isa = PBXBuildFile; fileRef = 49DBFB362BB95AE7001DEC7B /* UserSelectionViewController.swift */; };
		49DBFB3D2BB95AE7001DEC7B /* UserChildSelectionView.swift in Sources */ = {isa = PBXBuildFile; fileRef = 49DBFB372BB95AE7001DEC7B /* UserChildSelectionView.swift */; };
		49DBFB3E2BB95AE7001DEC7B /* UserChildSelectionView.xib in Resources */ = {isa = PBXBuildFile; fileRef = 49DBFB382BB95AE7001DEC7B /* UserChildSelectionView.xib */; };
		49DBFB3F2BB95AE7001DEC7B /* UserParentSelectionView.swift in Sources */ = {isa = PBXBuildFile; fileRef = 49DBFB392BB95AE7001DEC7B /* UserParentSelectionView.swift */; };
		49DBFB402BB95AE7001DEC7B /* UserSelectionViewController.xib in Resources */ = {isa = PBXBuildFile; fileRef = 49DBFB3A2BB95AE7001DEC7B /* UserSelectionViewController.xib */; };
		49DBFB412BB95AE7001DEC7B /* UserParentSelectionView.xib in Resources */ = {isa = PBXBuildFile; fileRef = 49DBFB3B2BB95AE7001DEC7B /* UserParentSelectionView.xib */; };
		49E9AC252BB9890900C1021B /* LoggedInViewController.storyboard in Resources */ = {isa = PBXBuildFile; fileRef = 49E9AC242BB9890900C1021B /* LoggedInViewController.storyboard */; };
		49E9AC292BBA462900C1021B /* ParentDashboardViewController.swift in Sources */ = {isa = PBXBuildFile; fileRef = 49E9AC272BBA462900C1021B /* ParentDashboardViewController.swift */; };
		49E9AC2A2BBA462900C1021B /* ParentDashboardViewController.xib in Resources */ = {isa = PBXBuildFile; fileRef = 49E9AC282BBA462900C1021B /* ParentDashboardViewController.xib */; };
		49E9AC2D2BBA463900C1021B /* ChildDashboardViewController.swift in Sources */ = {isa = PBXBuildFile; fileRef = 49E9AC2B2BBA463900C1021B /* ChildDashboardViewController.swift */; };
		49E9AC2E2BBA463900C1021B /* ChildDashboardViewController.xib in Resources */ = {isa = PBXBuildFile; fileRef = 49E9AC2C2BBA463900C1021B /* ChildDashboardViewController.xib */; };
		49E9AC302BBA48FD00C1021B /* ParentDashboardStatsView.swift in Sources */ = {isa = PBXBuildFile; fileRef = 49E9AC2F2BBA48FD00C1021B /* ParentDashboardStatsView.swift */; };
		49E9AC322BBA490900C1021B /* ParentDashboardStatsView.xib in Resources */ = {isa = PBXBuildFile; fileRef = 49E9AC312BBA490900C1021B /* ParentDashboardStatsView.xib */; };
		49F311A72B355209007579D6 /* CustomPasswordTextField.swift in Sources */ = {isa = PBXBuildFile; fileRef = 49F311A62B355209007579D6 /* CustomPasswordTextField.swift */; };
		49F311A92B355227007579D6 /* CustomPasswordTextField.xib in Resources */ = {isa = PBXBuildFile; fileRef = 49F311A82B355227007579D6 /* CustomPasswordTextField.xib */; };
/* End PBXBuildFile section */

/* Begin PBXBuildRule section */
		491710532BBF91C3006D6065 /* PBXBuildRule */ = {
			isa = PBXBuildRule;
			compilerSpec = com.apple.compilers.proxy.script;
			fileType = pattern.proxy;
			inputFiles = (
			);
			isEditable = 1;
			outputFiles = (
			);
			script = "# Type a script or drag a script file from your workspace to insert its path.\n";
		};
/* End PBXBuildRule section */

/* Begin PBXContainerItemProxy section */
		491710622BBF92BF006D6065 /* PBXContainerItemProxy */ = {
			isa = PBXContainerItemProxy;
			containerPortal = 49076CCE2B27039D00EAD0C2 /* Project object */;
			proxyType = 1;
			remoteGlobalIDString = 491710572BBF92BF006D6065;
			remoteInfo = STime;
		};
		491710762BBF92DE006D6065 /* PBXContainerItemProxy */ = {
			isa = PBXContainerItemProxy;
			containerPortal = 49076CCE2B27039D00EAD0C2 /* Project object */;
			proxyType = 1;
			remoteGlobalIDString = 4917106C2BBF92DE006D6065;
			remoteInfo = DeviceAtvty;
		};
/* End PBXContainerItemProxy section */

/* Begin PBXCopyFilesBuildPhase section */
		491710682BBF92BF006D6065 /* Embed ExtensionKit Extensions */ = {
			isa = PBXCopyFilesBuildPhase;
			buildActionMask = 2147483647;
			dstPath = "$(EXTENSIONS_FOLDER_PATH)";
			dstSubfolderSpec = 16;
			files = (
				491710642BBF92BF006D6065 /* STime.appex in Embed ExtensionKit Extensions */,
			);
			name = "Embed ExtensionKit Extensions";
			runOnlyForDeploymentPostprocessing = 0;
		};
		4917107C2BBF92DE006D6065 /* Embed Foundation Extensions */ = {
			isa = PBXCopyFilesBuildPhase;
			buildActionMask = 2147483647;
			dstPath = "";
			dstSubfolderSpec = 13;
			files = (
				491710782BBF92DE006D6065 /* DeviceAtvty.appex in Embed Foundation Extensions */,
			);
			name = "Embed Foundation Extensions";
			runOnlyForDeploymentPostprocessing = 0;
		};
/* End PBXCopyFilesBuildPhase section */

/* Begin PBXFileReference section */
		49076CD92B27039E00EAD0C2 /* AppDelegate.swift */ = {isa = PBXFileReference; lastKnownFileType = sourcecode.swift; path = AppDelegate.swift; sourceTree = "<group>"; };
		49076CDB2B27039E00EAD0C2 /* SceneDelegate.swift */ = {isa = PBXFileReference; lastKnownFileType = sourcecode.swift; path = SceneDelegate.swift; sourceTree = "<group>"; };
		49076CDD2B27039E00EAD0C2 /* LoginScreenViewController.swift */ = {isa = PBXFileReference; lastKnownFileType = sourcecode.swift; path = LoginScreenViewController.swift; sourceTree = "<group>"; };
		49076CE02B27039E00EAD0C2 /* Base */ = {isa = PBXFileReference; lastKnownFileType = file.storyboard; name = Base; path = Base.lproj/Main.storyboard; sourceTree = "<group>"; };
		49076CE22B27039F00EAD0C2 /* Assets.xcassets */ = {isa = PBXFileReference; lastKnownFileType = folder.assetcatalog; path = Assets.xcassets; sourceTree = "<group>"; };
		49076CE52B27039F00EAD0C2 /* Base */ = {isa = PBXFileReference; lastKnownFileType = file.storyboard; name = Base; path = Base.lproj/LaunchScreen.storyboard; sourceTree = "<group>"; };
		49076CE72B27039F00EAD0C2 /* Info.plist */ = {isa = PBXFileReference; lastKnownFileType = text.plist.xml; path = Info.plist; sourceTree = "<group>"; };
		49076CEF2B2703CE00EAD0C2 /* LoginModel.swift */ = {isa = PBXFileReference; lastKnownFileType = sourcecode.swift; path = LoginModel.swift; sourceTree = "<group>"; };
		49076CF22B2703EC00EAD0C2 /* LoginViewModel.swift */ = {isa = PBXFileReference; lastKnownFileType = sourcecode.swift; path = LoginViewModel.swift; sourceTree = "<group>"; };
		490BFAE42B2AD56200C76341 /* LoginNetworkManager.swift */ = {isa = PBXFileReference; lastKnownFileType = sourcecode.swift; path = LoginNetworkManager.swift; sourceTree = "<group>"; };
		4917104E2BBF07BB006D6065 /* ChildDashboardStatsView.swift */ = {isa = PBXFileReference; lastKnownFileType = sourcecode.swift; path = ChildDashboardStatsView.swift; sourceTree = "<group>"; };
		491710502BBF07E7006D6065 /* ChildDashboardStatsView.xib */ = {isa = PBXFileReference; lastKnownFileType = file.xib; path = ChildDashboardStatsView.xib; sourceTree = "<group>"; };
		491710522BBF0E1E006D6065 /* ParentalControlSoftware.entitlements */ = {isa = PBXFileReference; lastKnownFileType = text.plist.entitlements; path = ParentalControlSoftware.entitlements; sourceTree = "<group>"; };
		491710582BBF92BF006D6065 /* STime.appex */ = {isa = PBXFileReference; explicitFileType = "wrapper.extensionkit-extension"; includeInIndex = 0; path = STime.appex; sourceTree = BUILT_PRODUCTS_DIR; };
		4917105A2BBF92BF006D6065 /* STime.swift */ = {isa = PBXFileReference; lastKnownFileType = sourcecode.swift; path = STime.swift; sourceTree = "<group>"; };
		4917105C2BBF92BF006D6065 /* TotalActivityReport.swift */ = {isa = PBXFileReference; lastKnownFileType = sourcecode.swift; path = TotalActivityReport.swift; sourceTree = "<group>"; };
		4917105E2BBF92BF006D6065 /* TotalActivityView.swift */ = {isa = PBXFileReference; lastKnownFileType = sourcecode.swift; path = TotalActivityView.swift; sourceTree = "<group>"; };
		491710602BBF92BF006D6065 /* Info.plist */ = {isa = PBXFileReference; lastKnownFileType = text.plist.xml; path = Info.plist; sourceTree = "<group>"; };
		491710612BBF92BF006D6065 /* STime.entitlements */ = {isa = PBXFileReference; lastKnownFileType = text.plist.entitlements; path = STime.entitlements; sourceTree = "<group>"; };
		4917106D2BBF92DE006D6065 /* DeviceAtvty.appex */ = {isa = PBXFileReference; explicitFileType = "wrapper.app-extension"; includeInIndex = 0; path = DeviceAtvty.appex; sourceTree = BUILT_PRODUCTS_DIR; };
		4917106F2BBF92DE006D6065 /* DeviceActivity.framework */ = {isa = PBXFileReference; lastKnownFileType = wrapper.framework; name = DeviceActivity.framework; path = System/Library/Frameworks/DeviceActivity.framework; sourceTree = SDKROOT; };
		491710722BBF92DE006D6065 /* DeviceActivityMonitorExtension.swift */ = {isa = PBXFileReference; lastKnownFileType = sourcecode.swift; path = DeviceActivityMonitorExtension.swift; sourceTree = "<group>"; };
		491710742BBF92DE006D6065 /* Info.plist */ = {isa = PBXFileReference; lastKnownFileType = text.plist.xml; path = Info.plist; sourceTree = "<group>"; };
		491710752BBF92DE006D6065 /* DeviceAtvty.entitlements */ = {isa = PBXFileReference; lastKnownFileType = text.plist.entitlements; path = DeviceAtvty.entitlements; sourceTree = "<group>"; };
		493D15662B29645300FFC17F /* ParentalControlSoftware.app */ = {isa = PBXFileReference; explicitFileType = wrapper.application; includeInIndex = 0; path = ParentalControlSoftware.app; sourceTree = BUILT_PRODUCTS_DIR; };
		497237912B3402E90005D9BC /* LoginVerificationNetworkManager.swift */ = {isa = PBXFileReference; lastKnownFileType = sourcecode.swift; path = LoginVerificationNetworkManager.swift; sourceTree = "<group>"; };
		497237932B3403750005D9BC /* LoginVerificationModel.swift */ = {isa = PBXFileReference; lastKnownFileType = sourcecode.swift; path = LoginVerificationModel.swift; sourceTree = "<group>"; };
		497237952B34058C0005D9BC /* OTPVerificationNetworkManager.swift */ = {isa = PBXFileReference; lastKnownFileType = sourcecode.swift; path = OTPVerificationNetworkManager.swift; sourceTree = "<group>"; };
		497237972B3407340005D9BC /* OTPVerificationModel.swift */ = {isa = PBXFileReference; lastKnownFileType = sourcecode.swift; path = OTPVerificationModel.swift; sourceTree = "<group>"; };
		4972379C2B3412050005D9BC /* LoginVerificationViewModel.swift */ = {isa = PBXFileReference; lastKnownFileType = sourcecode.swift; path = LoginVerificationViewModel.swift; sourceTree = "<group>"; };
		4972379E2B3412260005D9BC /* OTPVerificationViewModel.swift */ = {isa = PBXFileReference; lastKnownFileType = sourcecode.swift; path = OTPVerificationViewModel.swift; sourceTree = "<group>"; };
		49B466762B3065B8004253BD /* LoggedInViewController.swift */ = {isa = PBXFileReference; lastKnownFileType = sourcecode.swift; path = LoggedInViewController.swift; sourceTree = "<group>"; };
		49D575E42B2C1E9600FDD9AE /* CustomEmailTextField.swift */ = {isa = PBXFileReference; lastKnownFileType = sourcecode.swift; path = CustomEmailTextField.swift; sourceTree = "<group>"; };
		49D575E62B2C1ED000FDD9AE /* CustomEmailTextField.xib */ = {isa = PBXFileReference; lastKnownFileType = file.xib; path = CustomEmailTextField.xib; sourceTree = "<group>"; };
		49DBFB362BB95AE7001DEC7B /* UserSelectionViewController.swift */ = {isa = PBXFileReference; fileEncoding = 4; lastKnownFileType = sourcecode.swift; path = UserSelectionViewController.swift; sourceTree = "<group>"; };
		49DBFB372BB95AE7001DEC7B /* UserChildSelectionView.swift */ = {isa = PBXFileReference; fileEncoding = 4; lastKnownFileType = sourcecode.swift; path = UserChildSelectionView.swift; sourceTree = "<group>"; };
		49DBFB382BB95AE7001DEC7B /* UserChildSelectionView.xib */ = {isa = PBXFileReference; fileEncoding = 4; lastKnownFileType = file.xib; path = UserChildSelectionView.xib; sourceTree = "<group>"; };
		49DBFB392BB95AE7001DEC7B /* UserParentSelectionView.swift */ = {isa = PBXFileReference; fileEncoding = 4; lastKnownFileType = sourcecode.swift; path = UserParentSelectionView.swift; sourceTree = "<group>"; };
		49DBFB3A2BB95AE7001DEC7B /* UserSelectionViewController.xib */ = {isa = PBXFileReference; fileEncoding = 4; lastKnownFileType = file.xib; path = UserSelectionViewController.xib; sourceTree = "<group>"; };
		49DBFB3B2BB95AE7001DEC7B /* UserParentSelectionView.xib */ = {isa = PBXFileReference; fileEncoding = 4; lastKnownFileType = file.xib; path = UserParentSelectionView.xib; sourceTree = "<group>"; };
		49E9AC242BB9890900C1021B /* LoggedInViewController.storyboard */ = {isa = PBXFileReference; lastKnownFileType = file.storyboard; path = LoggedInViewController.storyboard; sourceTree = "<group>"; };
		49E9AC272BBA462900C1021B /* ParentDashboardViewController.swift */ = {isa = PBXFileReference; lastKnownFileType = sourcecode.swift; path = ParentDashboardViewController.swift; sourceTree = "<group>"; };
		49E9AC282BBA462900C1021B /* ParentDashboardViewController.xib */ = {isa = PBXFileReference; lastKnownFileType = file.xib; path = ParentDashboardViewController.xib; sourceTree = "<group>"; };
		49E9AC2B2BBA463900C1021B /* ChildDashboardViewController.swift */ = {isa = PBXFileReference; lastKnownFileType = sourcecode.swift; path = ChildDashboardViewController.swift; sourceTree = "<group>"; };
		49E9AC2C2BBA463900C1021B /* ChildDashboardViewController.xib */ = {isa = PBXFileReference; lastKnownFileType = file.xib; path = ChildDashboardViewController.xib; sourceTree = "<group>"; };
		49E9AC2F2BBA48FD00C1021B /* ParentDashboardStatsView.swift */ = {isa = PBXFileReference; lastKnownFileType = sourcecode.swift; path = ParentDashboardStatsView.swift; sourceTree = "<group>"; };
		49E9AC312BBA490900C1021B /* ParentDashboardStatsView.xib */ = {isa = PBXFileReference; lastKnownFileType = file.xib; path = ParentDashboardStatsView.xib; sourceTree = "<group>"; };
		49F311A62B355209007579D6 /* CustomPasswordTextField.swift */ = {isa = PBXFileReference; lastKnownFileType = sourcecode.swift; path = CustomPasswordTextField.swift; sourceTree = "<group>"; };
		49F311A82B355227007579D6 /* CustomPasswordTextField.xib */ = {isa = PBXFileReference; lastKnownFileType = file.xib; path = CustomPasswordTextField.xib; sourceTree = "<group>"; };
/* End PBXFileReference section */

/* Begin PBXFrameworksBuildPhase section */
		49076CD32B27039E00EAD0C2 /* Frameworks */ = {
			isa = PBXFrameworksBuildPhase;
			buildActionMask = 2147483647;
			files = (
			);
			runOnlyForDeploymentPostprocessing = 0;
		};
		491710552BBF92BF006D6065 /* Frameworks */ = {
			isa = PBXFrameworksBuildPhase;
			buildActionMask = 2147483647;
			files = (
			);
			runOnlyForDeploymentPostprocessing = 0;
		};
		4917106A2BBF92DE006D6065 /* Frameworks */ = {
			isa = PBXFrameworksBuildPhase;
			buildActionMask = 2147483647;
			files = (
				491710702BBF92DE006D6065 /* DeviceActivity.framework in Frameworks */,
			);
			runOnlyForDeploymentPostprocessing = 0;
		};
/* End PBXFrameworksBuildPhase section */

/* Begin PBXGroup section */
		49076CCD2B27039D00EAD0C2 = {
			isa = PBXGroup;
			children = (
				49076CD82B27039E00EAD0C2 /* ParentalControlSoftware */,
				493D15662B29645300FFC17F /* ParentalControlSoftware.app */,
				491710582BBF92BF006D6065 /* STime.appex */,
				491710592BBF92BF006D6065 /* STime */,
				4917106D2BBF92DE006D6065 /* DeviceAtvty.appex */,
				491710712BBF92DE006D6065 /* DeviceAtvty */,
				4917106E2BBF92DE006D6065 /* Frameworks */,
			);
			sourceTree = "<group>";
		};
		49076CD82B27039E00EAD0C2 /* ParentalControlSoftware */ = {
			isa = PBXGroup;
			children = (
				491710522BBF0E1E006D6065 /* ParentalControlSoftware.entitlements */,
				49E9AC262BBA460B00C1021B /* Dashboard */,
				49DBFB212BB95A95001DEC7B /* Authentication */,
				49076CED2B2703AD00EAD0C2 /* Delegates */,
				49DBFB352BB95AE7001DEC7B /* UserSelectionViews */,
				49076CE22B27039F00EAD0C2 /* Assets.xcassets */,
				49076CE42B27039F00EAD0C2 /* LaunchScreen.storyboard */,
				49076CE72B27039F00EAD0C2 /* Info.plist */,
			);
			path = ParentalControlSoftware;
			sourceTree = "<group>";
		};
		49076CED2B2703AD00EAD0C2 /* Delegates */ = {
			isa = PBXGroup;
			children = (
				49076CD92B27039E00EAD0C2 /* AppDelegate.swift */,
				49076CDB2B27039E00EAD0C2 /* SceneDelegate.swift */,
			);
			path = Delegates;
			sourceTree = "<group>";
		};
		49076CEE2B2703BE00EAD0C2 /* View */ = {
			isa = PBXGroup;
			children = (
				49076CDD2B27039E00EAD0C2 /* LoginScreenViewController.swift */,
				49B466762B3065B8004253BD /* LoggedInViewController.swift */,
				49E9AC242BB9890900C1021B /* LoggedInViewController.storyboard */,
				49076CDF2B27039E00EAD0C2 /* Main.storyboard */,
				49BF48CF2BC4B0B9005C52AE /* CustomField */,
			);
			path = View;
			sourceTree = "<group>";
		};
		49076CF12B2703D300EAD0C2 /* Model */ = {
			isa = PBXGroup;
			children = (
				49076CEF2B2703CE00EAD0C2 /* LoginModel.swift */,
				497237932B3403750005D9BC /* LoginVerificationModel.swift */,
				497237972B3407340005D9BC /* OTPVerificationModel.swift */,
			);
			path = Model;
			sourceTree = "<group>";
		};
		49076CF42B27040100EAD0C2 /* ViewModel */ = {
			isa = PBXGroup;
			children = (
				49076CF22B2703EC00EAD0C2 /* LoginViewModel.swift */,
				4972379C2B3412050005D9BC /* LoginVerificationViewModel.swift */,
				4972379E2B3412260005D9BC /* OTPVerificationViewModel.swift */,
			);
			path = ViewModel;
			sourceTree = "<group>";
		};
		490BFAE62B2AD57200C76341 /* Manager */ = {
			isa = PBXGroup;
			children = (
				490BFAE42B2AD56200C76341 /* LoginNetworkManager.swift */,
				497237912B3402E90005D9BC /* LoginVerificationNetworkManager.swift */,
				497237952B34058C0005D9BC /* OTPVerificationNetworkManager.swift */,
			);
			path = Manager;
			sourceTree = "<group>";
		};
		491710592BBF92BF006D6065 /* STime */ = {
			isa = PBXGroup;
			children = (
				4917105A2BBF92BF006D6065 /* STime.swift */,
				4917105C2BBF92BF006D6065 /* TotalActivityReport.swift */,
				4917105E2BBF92BF006D6065 /* TotalActivityView.swift */,
				491710602BBF92BF006D6065 /* Info.plist */,
				491710612BBF92BF006D6065 /* STime.entitlements */,
			);
			path = STime;
			sourceTree = "<group>";
		};
		4917106E2BBF92DE006D6065 /* Frameworks */ = {
			isa = PBXGroup;
			children = (
				4917106F2BBF92DE006D6065 /* DeviceActivity.framework */,
			);
			name = Frameworks;
			sourceTree = "<group>";
		};
		491710712BBF92DE006D6065 /* DeviceAtvty */ = {
			isa = PBXGroup;
			children = (
				491710722BBF92DE006D6065 /* DeviceActivityMonitorExtension.swift */,
				491710742BBF92DE006D6065 /* Info.plist */,
				491710752BBF92DE006D6065 /* DeviceAtvty.entitlements */,
			);
			path = DeviceAtvty;
			sourceTree = "<group>";
		};
		49BF48CF2BC4B0B9005C52AE /* CustomField */ = {
			isa = PBXGroup;
			children = (
				49D575E42B2C1E9600FDD9AE /* CustomEmailTextField.swift */,
				49D575E62B2C1ED000FDD9AE /* CustomEmailTextField.xib */,
				49F311A62B355209007579D6 /* CustomPasswordTextField.swift */,
				49F311A82B355227007579D6 /* CustomPasswordTextField.xib */,
			);
			path = CustomField;
			sourceTree = "<group>";
		};
		49DBFB212BB95A95001DEC7B /* Authentication */ = {
			isa = PBXGroup;
			children = (
				490BFAE62B2AD57200C76341 /* Manager */,
				49076CF12B2703D300EAD0C2 /* Model */,
				49076CEE2B2703BE00EAD0C2 /* View */,
				49076CF42B27040100EAD0C2 /* ViewModel */,
			);
			path = Authentication;
			sourceTree = "<group>";
		};
		49DBFB352BB95AE7001DEC7B /* UserSelectionViews */ = {
			isa = PBXGroup;
			children = (
				49DBFB362BB95AE7001DEC7B /* UserSelectionViewController.swift */,
				49DBFB3A2BB95AE7001DEC7B /* UserSelectionViewController.xib */,
				49DBFB372BB95AE7001DEC7B /* UserChildSelectionView.swift */,
				49DBFB382BB95AE7001DEC7B /* UserChildSelectionView.xib */,
				49DBFB392BB95AE7001DEC7B /* UserParentSelectionView.swift */,
				49DBFB3B2BB95AE7001DEC7B /* UserParentSelectionView.xib */,
			);
			name = UserSelectionViews;
			path = ../../ParentalControl/ParentalControl/UserSelectionViews;
			sourceTree = "<group>";
		};
		49E9AC262BBA460B00C1021B /* Dashboard */ = {
			isa = PBXGroup;
			children = (
				49E9AC272BBA462900C1021B /* ParentDashboardViewController.swift */,
				49E9AC282BBA462900C1021B /* ParentDashboardViewController.xib */,
				49E9AC2B2BBA463900C1021B /* ChildDashboardViewController.swift */,
				49E9AC2C2BBA463900C1021B /* ChildDashboardViewController.xib */,
				49E9AC2F2BBA48FD00C1021B /* ParentDashboardStatsView.swift */,
				49E9AC312BBA490900C1021B /* ParentDashboardStatsView.xib */,
				4917104E2BBF07BB006D6065 /* ChildDashboardStatsView.swift */,
				491710502BBF07E7006D6065 /* ChildDashboardStatsView.xib */,
			);
			path = Dashboard;
			sourceTree = "<group>";
		};
/* End PBXGroup section */

/* Begin PBXNativeTarget section */
		49076CD52B27039E00EAD0C2 /* ParentalControlSoftware */ = {
			isa = PBXNativeTarget;
			buildConfigurationList = 49076CEA2B27039F00EAD0C2 /* Build configuration list for PBXNativeTarget "ParentalControlSoftware" */;
			buildPhases = (
				49076CD22B27039E00EAD0C2 /* Sources */,
				49076CD32B27039E00EAD0C2 /* Frameworks */,
				49076CD42B27039E00EAD0C2 /* Resources */,
				491710682BBF92BF006D6065 /* Embed ExtensionKit Extensions */,
				4917107C2BBF92DE006D6065 /* Embed Foundation Extensions */,
			);
			buildRules = (
				491710532BBF91C3006D6065 /* PBXBuildRule */,
			);
			dependencies = (
				491710632BBF92BF006D6065 /* PBXTargetDependency */,
				491710772BBF92DE006D6065 /* PBXTargetDependency */,
			);
			name = ParentalControlSoftware;
			packageProductDependencies = (
			);
			productName = CorenrollDemo;
			productReference = 493D15662B29645300FFC17F /* ParentalControlSoftware.app */;
			productType = "com.apple.product-type.application";
		};
		491710572BBF92BF006D6065 /* STime */ = {
			isa = PBXNativeTarget;
			buildConfigurationList = 491710652BBF92BF006D6065 /* Build configuration list for PBXNativeTarget "STime" */;
			buildPhases = (
				491710542BBF92BF006D6065 /* Sources */,
				491710552BBF92BF006D6065 /* Frameworks */,
				491710562BBF92BF006D6065 /* Resources */,
			);
			buildRules = (
			);
			dependencies = (
			);
			name = STime;
			productName = STime;
			productReference = 491710582BBF92BF006D6065 /* STime.appex */;
			productType = "com.apple.product-type.extensionkit-extension";
		};
		4917106C2BBF92DE006D6065 /* DeviceAtvty */ = {
			isa = PBXNativeTarget;
			buildConfigurationList = 491710792BBF92DE006D6065 /* Build configuration list for PBXNativeTarget "DeviceAtvty" */;
			buildPhases = (
				491710692BBF92DE006D6065 /* Sources */,
				4917106A2BBF92DE006D6065 /* Frameworks */,
				4917106B2BBF92DE006D6065 /* Resources */,
			);
			buildRules = (
			);
			dependencies = (
			);
			name = DeviceAtvty;
			productName = DeviceAtvty;
			productReference = 4917106D2BBF92DE006D6065 /* DeviceAtvty.appex */;
			productType = "com.apple.product-type.app-extension";
		};
/* End PBXNativeTarget section */

/* Begin PBXProject section */
		49076CCE2B27039D00EAD0C2 /* Project object */ = {
			isa = PBXProject;
			attributes = {
				BuildIndependentTargetsInParallel = 1;
				LastSwiftUpdateCheck = 1510;
				LastUpgradeCheck = 1500;
				TargetAttributes = {
					49076CD52B27039E00EAD0C2 = {
						CreatedOnToolsVersion = 15.0.1;
					};
					491710572BBF92BF006D6065 = {
						CreatedOnToolsVersion = 15.1;
					};
					4917106C2BBF92DE006D6065 = {
						CreatedOnToolsVersion = 15.1;
					};
				};
			};
			buildConfigurationList = 49076CD12B27039D00EAD0C2 /* Build configuration list for PBXProject "ParentalControlSoftware" */;
			compatibilityVersion = "Xcode 14.0";
			developmentRegion = en;
			hasScannedForEncodings = 0;
			knownRegions = (
				en,
				Base,
			);
			mainGroup = 49076CCD2B27039D00EAD0C2;
			packageReferences = (
			);
			productRefGroup = 49076CCD2B27039D00EAD0C2;
			projectDirPath = "";
			projectRoot = "";
			targets = (
				49076CD52B27039E00EAD0C2 /* ParentalControlSoftware */,
				491710572BBF92BF006D6065 /* STime */,
				4917106C2BBF92DE006D6065 /* DeviceAtvty */,
			);
		};
/* End PBXProject section */

/* Begin PBXResourcesBuildPhase section */
		49076CD42B27039E00EAD0C2 /* Resources */ = {
			isa = PBXResourcesBuildPhase;
			buildActionMask = 2147483647;
			files = (
				49E9AC2E2BBA463900C1021B /* ChildDashboardViewController.xib in Resources */,
				49E9AC2A2BBA462900C1021B /* ParentDashboardViewController.xib in Resources */,
				491710512BBF07E7006D6065 /* ChildDashboardStatsView.xib in Resources */,
				49E9AC252BB9890900C1021B /* LoggedInViewController.storyboard in Resources */,
				49D575E72B2C1ED000FDD9AE /* CustomEmailTextField.xib in Resources */,
				49076CE62B27039F00EAD0C2 /* LaunchScreen.storyboard in Resources */,
				49DBFB402BB95AE7001DEC7B /* UserSelectionViewController.xib in Resources */,
				49076CE12B27039E00EAD0C2 /* Main.storyboard in Resources */,
				49E9AC322BBA490900C1021B /* ParentDashboardStatsView.xib in Resources */,
				49DBFB3E2BB95AE7001DEC7B /* UserChildSelectionView.xib in Resources */,
				49F311A92B355227007579D6 /* CustomPasswordTextField.xib in Resources */,
				49DBFB412BB95AE7001DEC7B /* UserParentSelectionView.xib in Resources */,
				49DBFB202BB95A48001DEC7B /* Assets.xcassets in Resources */,
			);
			runOnlyForDeploymentPostprocessing = 0;
		};
		491710562BBF92BF006D6065 /* Resources */ = {
			isa = PBXResourcesBuildPhase;
			buildActionMask = 2147483647;
			files = (
			);
			runOnlyForDeploymentPostprocessing = 0;
		};
		4917106B2BBF92DE006D6065 /* Resources */ = {
			isa = PBXResourcesBuildPhase;
			buildActionMask = 2147483647;
			files = (
			);
			runOnlyForDeploymentPostprocessing = 0;
		};
/* End PBXResourcesBuildPhase section */

/* Begin PBXSourcesBuildPhase section */
		49076CD22B27039E00EAD0C2 /* Sources */ = {
			isa = PBXSourcesBuildPhase;
			buildActionMask = 2147483647;
			files = (
				497237982B3407340005D9BC /* OTPVerificationModel.swift in Sources */,
				4972379F2B3412260005D9BC /* OTPVerificationViewModel.swift in Sources */,
				49D575E52B2C1E9A00FDD9AE /* CustomEmailTextField.swift in Sources */,
				49076CF02B2703CE00EAD0C2 /* LoginModel.swift in Sources */,
				49E9AC2D2BBA463900C1021B /* ChildDashboardViewController.swift in Sources */,
				497237942B3403750005D9BC /* LoginVerificationModel.swift in Sources */,
				49E9AC302BBA48FD00C1021B /* ParentDashboardStatsView.swift in Sources */,
				497237962B34058C0005D9BC /* OTPVerificationNetworkManager.swift in Sources */,
				4917104F2BBF07BB006D6065 /* ChildDashboardStatsView.swift in Sources */,
				497237922B3402E90005D9BC /* LoginVerificationNetworkManager.swift in Sources */,
				49076CDE2B27039E00EAD0C2 /* LoginScreenViewController.swift in Sources */,
				49DBFB3F2BB95AE7001DEC7B /* UserParentSelectionView.swift in Sources */,
				49DBFB3C2BB95AE7001DEC7B /* UserSelectionViewController.swift in Sources */,
				490BFAE52B2AD56C00C76341 /* LoginNetworkManager.swift in Sources */,
				4972379D2B3412050005D9BC /* LoginVerificationViewModel.swift in Sources */,
				49076CDA2B27039E00EAD0C2 /* AppDelegate.swift in Sources */,
				49F311A72B355209007579D6 /* CustomPasswordTextField.swift in Sources */,
				49076CF32B2703EC00EAD0C2 /* LoginViewModel.swift in Sources */,
				49076CDC2B27039E00EAD0C2 /* SceneDelegate.swift in Sources */,
				49DBFB3D2BB95AE7001DEC7B /* UserChildSelectionView.swift in Sources */,
				49B466772B3065BF004253BD /* LoggedInViewController.swift in Sources */,
				49E9AC292BBA462900C1021B /* ParentDashboardViewController.swift in Sources */,
			);
			runOnlyForDeploymentPostprocessing = 0;
		};
		491710542BBF92BF006D6065 /* Sources */ = {
			isa = PBXSourcesBuildPhase;
			buildActionMask = 2147483647;
			files = (
				4917105F2BBF92BF006D6065 /* TotalActivityView.swift in Sources */,
				4917105B2BBF92BF006D6065 /* STime.swift in Sources */,
				4917105D2BBF92BF006D6065 /* TotalActivityReport.swift in Sources */,
			);
			runOnlyForDeploymentPostprocessing = 0;
		};
		491710692BBF92DE006D6065 /* Sources */ = {
			isa = PBXSourcesBuildPhase;
			buildActionMask = 2147483647;
			files = (
				491710732BBF92DE006D6065 /* DeviceActivityMonitorExtension.swift in Sources */,
			);
			runOnlyForDeploymentPostprocessing = 0;
		};
/* End PBXSourcesBuildPhase section */

/* Begin PBXTargetDependency section */
		491710632BBF92BF006D6065 /* PBXTargetDependency */ = {
			isa = PBXTargetDependency;
			target = 491710572BBF92BF006D6065 /* STime */;
			targetProxy = 491710622BBF92BF006D6065 /* PBXContainerItemProxy */;
		};
		491710772BBF92DE006D6065 /* PBXTargetDependency */ = {
			isa = PBXTargetDependency;
			target = 4917106C2BBF92DE006D6065 /* DeviceAtvty */;
			targetProxy = 491710762BBF92DE006D6065 /* PBXContainerItemProxy */;
		};
/* End PBXTargetDependency section */

/* Begin PBXVariantGroup section */
		49076CDF2B27039E00EAD0C2 /* Main.storyboard */ = {
			isa = PBXVariantGroup;
			children = (
				49076CE02B27039E00EAD0C2 /* Base */,
			);
			name = Main.storyboard;
			sourceTree = "<group>";
		};
		49076CE42B27039F00EAD0C2 /* LaunchScreen.storyboard */ = {
			isa = PBXVariantGroup;
			children = (
				49076CE52B27039F00EAD0C2 /* Base */,
			);
			name = LaunchScreen.storyboard;
			sourceTree = "<group>";
		};
/* End PBXVariantGroup section */

/* Begin XCBuildConfiguration section */
		49076CE82B27039F00EAD0C2 /* Debug */ = {
			isa = XCBuildConfiguration;
			buildSettings = {
				ALWAYS_SEARCH_USER_PATHS = NO;
				ASSETCATALOG_COMPILER_GENERATE_SWIFT_ASSET_SYMBOL_EXTENSIONS = YES;
				CLANG_ANALYZER_NONNULL = YES;
				CLANG_ANALYZER_NUMBER_OBJECT_CONVERSION = YES_AGGRESSIVE;
				CLANG_CXX_LANGUAGE_STANDARD = "gnu++20";
				CLANG_ENABLE_MODULES = YES;
				CLANG_ENABLE_OBJC_ARC = YES;
				CLANG_ENABLE_OBJC_WEAK = YES;
				CLANG_WARN_BLOCK_CAPTURE_AUTORELEASING = YES;
				CLANG_WARN_BOOL_CONVERSION = YES;
				CLANG_WARN_COMMA = YES;
				CLANG_WARN_CONSTANT_CONVERSION = YES;
				CLANG_WARN_DEPRECATED_OBJC_IMPLEMENTATIONS = YES;
				CLANG_WARN_DIRECT_OBJC_ISA_USAGE = YES_ERROR;
				CLANG_WARN_DOCUMENTATION_COMMENTS = YES;
				CLANG_WARN_EMPTY_BODY = YES;
				CLANG_WARN_ENUM_CONVERSION = YES;
				CLANG_WARN_INFINITE_RECURSION = YES;
				CLANG_WARN_INT_CONVERSION = YES;
				CLANG_WARN_NON_LITERAL_NULL_CONVERSION = YES;
				CLANG_WARN_OBJC_IMPLICIT_RETAIN_SELF = YES;
				CLANG_WARN_OBJC_LITERAL_CONVERSION = YES;
				CLANG_WARN_OBJC_ROOT_CLASS = YES_ERROR;
				CLANG_WARN_QUOTED_INCLUDE_IN_FRAMEWORK_HEADER = YES;
				CLANG_WARN_RANGE_LOOP_ANALYSIS = YES;
				CLANG_WARN_STRICT_PROTOTYPES = YES;
				CLANG_WARN_SUSPICIOUS_MOVE = YES;
				CLANG_WARN_UNGUARDED_AVAILABILITY = YES_AGGRESSIVE;
				CLANG_WARN_UNREACHABLE_CODE = YES;
				CLANG_WARN__DUPLICATE_METHOD_MATCH = YES;
				COPY_PHASE_STRIP = NO;
				DEBUG_INFORMATION_FORMAT = dwarf;
				ENABLE_STRICT_OBJC_MSGSEND = YES;
				ENABLE_TESTABILITY = YES;
				ENABLE_USER_SCRIPT_SANDBOXING = YES;
				GCC_C_LANGUAGE_STANDARD = gnu17;
				GCC_DYNAMIC_NO_PIC = NO;
				GCC_NO_COMMON_BLOCKS = YES;
				GCC_OPTIMIZATION_LEVEL = 0;
				GCC_PREPROCESSOR_DEFINITIONS = (
					"DEBUG=1",
					"$(inherited)",
				);
				GCC_WARN_64_TO_32_BIT_CONVERSION = YES;
				GCC_WARN_ABOUT_RETURN_TYPE = YES_ERROR;
				GCC_WARN_UNDECLARED_SELECTOR = YES;
				GCC_WARN_UNINITIALIZED_AUTOS = YES_AGGRESSIVE;
				GCC_WARN_UNUSED_FUNCTION = YES;
				GCC_WARN_UNUSED_VARIABLE = YES;
				IPHONEOS_DEPLOYMENT_TARGET = 17.0;
				LOCALIZATION_PREFERS_STRING_CATALOGS = YES;
				MTL_ENABLE_DEBUG_INFO = INCLUDE_SOURCE;
				MTL_FAST_MATH = YES;
				ONLY_ACTIVE_ARCH = YES;
				SDKROOT = iphoneos;
				SWIFT_ACTIVE_COMPILATION_CONDITIONS = "DEBUG $(inherited)";
				SWIFT_OPTIMIZATION_LEVEL = "-Onone";
			};
			name = Debug;
		};
		49076CE92B27039F00EAD0C2 /* Release */ = {
			isa = XCBuildConfiguration;
			buildSettings = {
				ALWAYS_SEARCH_USER_PATHS = NO;
				ASSETCATALOG_COMPILER_GENERATE_SWIFT_ASSET_SYMBOL_EXTENSIONS = YES;
				CLANG_ANALYZER_NONNULL = YES;
				CLANG_ANALYZER_NUMBER_OBJECT_CONVERSION = YES_AGGRESSIVE;
				CLANG_CXX_LANGUAGE_STANDARD = "gnu++20";
				CLANG_ENABLE_MODULES = YES;
				CLANG_ENABLE_OBJC_ARC = YES;
				CLANG_ENABLE_OBJC_WEAK = YES;
				CLANG_WARN_BLOCK_CAPTURE_AUTORELEASING = YES;
				CLANG_WARN_BOOL_CONVERSION = YES;
				CLANG_WARN_COMMA = YES;
				CLANG_WARN_CONSTANT_CONVERSION = YES;
				CLANG_WARN_DEPRECATED_OBJC_IMPLEMENTATIONS = YES;
				CLANG_WARN_DIRECT_OBJC_ISA_USAGE = YES_ERROR;
				CLANG_WARN_DOCUMENTATION_COMMENTS = YES;
				CLANG_WARN_EMPTY_BODY = YES;
				CLANG_WARN_ENUM_CONVERSION = YES;
				CLANG_WARN_INFINITE_RECURSION = YES;
				CLANG_WARN_INT_CONVERSION = YES;
				CLANG_WARN_NON_LITERAL_NULL_CONVERSION = YES;
				CLANG_WARN_OBJC_IMPLICIT_RETAIN_SELF = YES;
				CLANG_WARN_OBJC_LITERAL_CONVERSION = YES;
				CLANG_WARN_OBJC_ROOT_CLASS = YES_ERROR;
				CLANG_WARN_QUOTED_INCLUDE_IN_FRAMEWORK_HEADER = YES;
				CLANG_WARN_RANGE_LOOP_ANALYSIS = YES;
				CLANG_WARN_STRICT_PROTOTYPES = YES;
				CLANG_WARN_SUSPICIOUS_MOVE = YES;
				CLANG_WARN_UNGUARDED_AVAILABILITY = YES_AGGRESSIVE;
				CLANG_WARN_UNREACHABLE_CODE = YES;
				CLANG_WARN__DUPLICATE_METHOD_MATCH = YES;
				COPY_PHASE_STRIP = NO;
				DEBUG_INFORMATION_FORMAT = "dwarf-with-dsym";
				ENABLE_NS_ASSERTIONS = NO;
				ENABLE_STRICT_OBJC_MSGSEND = YES;
				ENABLE_USER_SCRIPT_SANDBOXING = YES;
				GCC_C_LANGUAGE_STANDARD = gnu17;
				GCC_NO_COMMON_BLOCKS = YES;
				GCC_WARN_64_TO_32_BIT_CONVERSION = YES;
				GCC_WARN_ABOUT_RETURN_TYPE = YES_ERROR;
				GCC_WARN_UNDECLARED_SELECTOR = YES;
				GCC_WARN_UNINITIALIZED_AUTOS = YES_AGGRESSIVE;
				GCC_WARN_UNUSED_FUNCTION = YES;
				GCC_WARN_UNUSED_VARIABLE = YES;
				IPHONEOS_DEPLOYMENT_TARGET = 17.0;
				LOCALIZATION_PREFERS_STRING_CATALOGS = YES;
				MTL_ENABLE_DEBUG_INFO = NO;
				MTL_FAST_MATH = YES;
				SDKROOT = iphoneos;
				SWIFT_COMPILATION_MODE = wholemodule;
				VALIDATE_PRODUCT = YES;
			};
			name = Release;
		};
		49076CEB2B27039F00EAD0C2 /* Debug */ = {
			isa = XCBuildConfiguration;
			buildSettings = {
				ALWAYS_EMBED_SWIFT_STANDARD_LIBRARIES = YES;
				ASSETCATALOG_COMPILER_APPICON_NAME = AppIcon;
				ASSETCATALOG_COMPILER_GLOBAL_ACCENT_COLOR_NAME = AccentColor;
				CODE_SIGN_ENTITLEMENTS = ParentalControlSoftware/ParentalControlSoftware.entitlements;
				CODE_SIGN_STYLE = Automatic;
				CURRENT_PROJECT_VERSION = 1;
				DEVELOPMENT_TEAM = NNXP2RXWU7;
				GENERATE_INFOPLIST_FILE = YES;
				INFOPLIST_FILE = ParentalControlSoftware/Info.plist;
				INFOPLIST_KEY_UIApplicationSupportsIndirectInputEvents = YES;
				INFOPLIST_KEY_UILaunchStoryboardName = LaunchScreen;
				INFOPLIST_KEY_UIMainStoryboardFile = Main;
				INFOPLIST_KEY_UISupportedInterfaceOrientations_iPad = "UIInterfaceOrientationPortrait UIInterfaceOrientationPortraitUpsideDown UIInterfaceOrientationLandscapeLeft UIInterfaceOrientationLandscapeRight";
				INFOPLIST_KEY_UISupportedInterfaceOrientations_iPhone = "UIInterfaceOrientationPortrait UIInterfaceOrientationLandscapeLeft UIInterfaceOrientationLandscapeRight";
				IPHONEOS_DEPLOYMENT_TARGET = 16.0;
				LD_RUNPATH_SEARCH_PATHS = (
					"$(inherited)",
					"@executable_path/Frameworks",
				);
				MARKETING_VERSION = 1.0;
				PRODUCT_BUNDLE_IDENTIFIER = com.cloudtechservice.CorenrollDemo;
				PRODUCT_NAME = "$(TARGET_NAME)";
				SWIFT_EMIT_LOC_STRINGS = YES;
				SWIFT_VERSION = 5.0;
				TARGETED_DEVICE_FAMILY = "1,2";
			};
			name = Debug;
		};
		49076CEC2B27039F00EAD0C2 /* Release */ = {
			isa = XCBuildConfiguration;
			buildSettings = {
				ALWAYS_EMBED_SWIFT_STANDARD_LIBRARIES = YES;
				ASSETCATALOG_COMPILER_APPICON_NAME = AppIcon;
				ASSETCATALOG_COMPILER_GLOBAL_ACCENT_COLOR_NAME = AccentColor;
				CODE_SIGN_ENTITLEMENTS = ParentalControlSoftware/ParentalControlSoftware.entitlements;
				CODE_SIGN_STYLE = Automatic;
				CURRENT_PROJECT_VERSION = 1;
				DEVELOPMENT_TEAM = NNXP2RXWU7;
				GENERATE_INFOPLIST_FILE = YES;
				INFOPLIST_FILE = ParentalControlSoftware/Info.plist;
				INFOPLIST_KEY_UIApplicationSupportsIndirectInputEvents = YES;
				INFOPLIST_KEY_UILaunchStoryboardName = LaunchScreen;
				INFOPLIST_KEY_UIMainStoryboardFile = Main;
				INFOPLIST_KEY_UISupportedInterfaceOrientations_iPad = "UIInterfaceOrientationPortrait UIInterfaceOrientationPortraitUpsideDown UIInterfaceOrientationLandscapeLeft UIInterfaceOrientationLandscapeRight";
				INFOPLIST_KEY_UISupportedInterfaceOrientations_iPhone = "UIInterfaceOrientationPortrait UIInterfaceOrientationLandscapeLeft UIInterfaceOrientationLandscapeRight";
				IPHONEOS_DEPLOYMENT_TARGET = 16.0;
				LD_RUNPATH_SEARCH_PATHS = (
					"$(inherited)",
					"@executable_path/Frameworks",
				);
				MARKETING_VERSION = 1.0;
				PRODUCT_BUNDLE_IDENTIFIER = com.cloudtechservice.CorenrollDemo;
				PRODUCT_NAME = "$(TARGET_NAME)";
				SWIFT_EMIT_LOC_STRINGS = YES;
				SWIFT_VERSION = 5.0;
				TARGETED_DEVICE_FAMILY = "1,2";
			};
			name = Release;
		};
		491710662BBF92BF006D6065 /* Debug */ = {
			isa = XCBuildConfiguration;
			buildSettings = {
				CODE_SIGN_ENTITLEMENTS = STime/STime.entitlements;
				CODE_SIGN_STYLE = Automatic;
				CURRENT_PROJECT_VERSION = 1;
				DEVELOPMENT_TEAM = NNXP2RXWU7;
				GENERATE_INFOPLIST_FILE = YES;
				INFOPLIST_FILE = STime/Info.plist;
				INFOPLIST_KEY_CFBundleDisplayName = STime;
				INFOPLIST_KEY_NSHumanReadableCopyright = "";
				IPHONEOS_DEPLOYMENT_TARGET = 17.2;
				LD_RUNPATH_SEARCH_PATHS = (
					"$(inherited)",
					"@executable_path/Frameworks",
					"@executable_path/../../Frameworks",
				);
				MARKETING_VERSION = 1.0;
				PRODUCT_BUNDLE_IDENTIFIER = com.cloudtechservice.CorenrollDemo.STime;
				PRODUCT_NAME = "$(TARGET_NAME)";
				SKIP_INSTALL = YES;
				SWIFT_EMIT_LOC_STRINGS = YES;
				SWIFT_VERSION = 5.0;
				TARGETED_DEVICE_FAMILY = "1,2";
			};
			name = Debug;
		};
		491710672BBF92BF006D6065 /* Release */ = {
			isa = XCBuildConfiguration;
			buildSettings = {
				CODE_SIGN_ENTITLEMENTS = STime/STime.entitlements;
				CODE_SIGN_STYLE = Automatic;
				CURRENT_PROJECT_VERSION = 1;
				DEVELOPMENT_TEAM = NNXP2RXWU7;
				GENERATE_INFOPLIST_FILE = YES;
				INFOPLIST_FILE = STime/Info.plist;
				INFOPLIST_KEY_CFBundleDisplayName = STime;
				INFOPLIST_KEY_NSHumanReadableCopyright = "";
				IPHONEOS_DEPLOYMENT_TARGET = 17.2;
				LD_RUNPATH_SEARCH_PATHS = (
					"$(inherited)",
					"@executable_path/Frameworks",
					"@executable_path/../../Frameworks",
				);
				MARKETING_VERSION = 1.0;
				PRODUCT_BUNDLE_IDENTIFIER = com.cloudtechservice.CorenrollDemo.STime;
				PRODUCT_NAME = "$(TARGET_NAME)";
				SKIP_INSTALL = YES;
				SWIFT_EMIT_LOC_STRINGS = YES;
				SWIFT_VERSION = 5.0;
				TARGETED_DEVICE_FAMILY = "1,2";
			};
			name = Release;
		};
		4917107A2BBF92DE006D6065 /* Debug */ = {
			isa = XCBuildConfiguration;
			buildSettings = {
				CODE_SIGN_ENTITLEMENTS = DeviceAtvty/DeviceAtvty.entitlements;
				CODE_SIGN_STYLE = Automatic;
				CURRENT_PROJECT_VERSION = 1;
				DEVELOPMENT_TEAM = NNXP2RXWU7;
				GENERATE_INFOPLIST_FILE = YES;
				INFOPLIST_FILE = DeviceAtvty/Info.plist;
				INFOPLIST_KEY_CFBundleDisplayName = DeviceAtvty;
				INFOPLIST_KEY_NSHumanReadableCopyright = "";
				IPHONEOS_DEPLOYMENT_TARGET = 17.2;
				LD_RUNPATH_SEARCH_PATHS = (
					"$(inherited)",
					"@executable_path/Frameworks",
					"@executable_path/../../Frameworks",
				);
				MARKETING_VERSION = 1.0;
				PRODUCT_BUNDLE_IDENTIFIER = com.cloudtechservice.CorenrollDemo.DeviceAtvty;
				PRODUCT_NAME = "$(TARGET_NAME)";
				SKIP_INSTALL = YES;
				SWIFT_EMIT_LOC_STRINGS = YES;
				SWIFT_VERSION = 5.0;
				TARGETED_DEVICE_FAMILY = "1,2";
			};
			name = Debug;
		};
		4917107B2BBF92DE006D6065 /* Release */ = {
			isa = XCBuildConfiguration;
			buildSettings = {
				CODE_SIGN_ENTITLEMENTS = DeviceAtvty/DeviceAtvty.entitlements;
				CODE_SIGN_STYLE = Automatic;
				CURRENT_PROJECT_VERSION = 1;
				DEVELOPMENT_TEAM = NNXP2RXWU7;
				GENERATE_INFOPLIST_FILE = YES;
				INFOPLIST_FILE = DeviceAtvty/Info.plist;
				INFOPLIST_KEY_CFBundleDisplayName = DeviceAtvty;
				INFOPLIST_KEY_NSHumanReadableCopyright = "";
				IPHONEOS_DEPLOYMENT_TARGET = 17.2;
				LD_RUNPATH_SEARCH_PATHS = (
					"$(inherited)",
					"@executable_path/Frameworks",
					"@executable_path/../../Frameworks",
				);
				MARKETING_VERSION = 1.0;
				PRODUCT_BUNDLE_IDENTIFIER = com.cloudtechservice.CorenrollDemo.DeviceAtvty;
				PRODUCT_NAME = "$(TARGET_NAME)";
				SKIP_INSTALL = YES;
				SWIFT_EMIT_LOC_STRINGS = YES;
				SWIFT_VERSION = 5.0;
				TARGETED_DEVICE_FAMILY = "1,2";
			};
			name = Release;
		};
/* End XCBuildConfiguration section */

/* Begin XCConfigurationList section */
		49076CD12B27039D00EAD0C2 /* Build configuration list for PBXProject "ParentalControlSoftware" */ = {
			isa = XCConfigurationList;
			buildConfigurations = (
				49076CE82B27039F00EAD0C2 /* Debug */,
				49076CE92B27039F00EAD0C2 /* Release */,
			);
			defaultConfigurationIsVisible = 0;
			defaultConfigurationName = Release;
		};
		49076CEA2B27039F00EAD0C2 /* Build configuration list for PBXNativeTarget "ParentalControlSoftware" */ = {
			isa = XCConfigurationList;
			buildConfigurations = (
				49076CEB2B27039F00EAD0C2 /* Debug */,
				49076CEC2B27039F00EAD0C2 /* Release */,
			);
			defaultConfigurationIsVisible = 0;
			defaultConfigurationName = Release;
		};
		491710652BBF92BF006D6065 /* Build configuration list for PBXNativeTarget "STime" */ = {
			isa = XCConfigurationList;
			buildConfigurations = (
				491710662BBF92BF006D6065 /* Debug */,
				491710672BBF92BF006D6065 /* Release */,
			);
			defaultConfigurationIsVisible = 0;
			defaultConfigurationName = Release;
		};
		491710792BBF92DE006D6065 /* Build configuration list for PBXNativeTarget "DeviceAtvty" */ = {
			isa = XCConfigurationList;
			buildConfigurations = (
				4917107A2BBF92DE006D6065 /* Debug */,
				4917107B2BBF92DE006D6065 /* Release */,
			);
			defaultConfigurationIsVisible = 0;
			defaultConfigurationName = Release;
		};
/* End XCConfigurationList section */
	};
	rootObject = 49076CCE2B27039D00EAD0C2 /* Project object */;
}
